
Microsoft Visual Studio Solution File, Format Version 12.00
# Visual Studio Version 17
VisualStudioVersion = 17.13.35931.197 d17.13
MinimumVisualStudioVersion = 10.0.40219.1
Project("{FAE04EC0-301F-11D3-BF4B-00C04F79EFBC}") = "MauiBillTrackingApp", "MauiBillTrackingApp\MauiBillTrackingApp.csproj", "{72F4B7AB-E013-4C11-9C3E-ACCD8A5DA727}"
EndProject
Global
	GlobalSection(SolutionConfigurationPlatforms) = preSolution
		Debug|Any CPU = Debug|Any CPU
		Release|Any CPU = Release|Any CPU
	EndGlobalSection
	GlobalSection(ProjectConfigurationPlatforms) = postSolution
		{72F4B7AB-E013-4C11-9C3E-ACCD8A5DA727}.Debug|Any CPU.ActiveCfg = Debug|Any CPU
		{72F4B7AB-E013-4C11-9C3E-ACCD8A5DA727}.Debug|Any CPU.Build.0 = Debug|Any CPU
		{72F4B7AB-E013-4C11-9C3E-ACCD8A5DA727}.Debug|Any CPU.Deploy.0 = Debug|Any CPU
		{72F4B7AB-E013-4C11-9C3E-ACCD8A5DA727}.Release|Any CPU.ActiveCfg = Release|Any CPU
		{72F4B7AB-E013-4C11-9C3E-ACCD8A5DA727}.Release|Any CPU.Build.0 = Release|Any CPU
		{72F4B7AB-E013-4C11-9C3E-ACCD8A5DA727}.Release|Any CPU.Deploy.0 = Release|Any CPU
	EndGlobalSection
	GlobalSection(SolutionProperties) = preSolution
		HideSolutionNode = FALSE
	EndGlobalSection
	GlobalSection(ExtensibilityGlobals) = postSolution
		SolutionGuid = {6E0D77AD-333B-4D3B-9B73-9142854AD7F1}
	EndGlobalSection
EndGlobal
